{
  "name": "InterviewCoah",
  "lockfileVersion": 3,
  "requires": true,
  "packages": {
    "": {
      "dependencies": {
        "idb": "^8.0.3",
        "nodemailer": "^10.0.1"
      }
    },
    "node_modules/idb": {
      "version": "8.0.3",
      "resolved": "https://registry.npmjs.org/idb/-/idb-8.0.3.tgz",
      "integrity": "sha512-LtwtVyVYO5BqRvcsKuB2iUMnHwPVByPCXFXOpuU96IZPPoPN6xjOGxZQ74pgSVVLQWtUOYgyeL4GE98BY5D3wg==",
      "license": "ISC"
    },
    "node_modules/nodemailer": {
      "version": "10.0.1",
      "resolved": "https://registry.npmjs.org/nodemailer/-/nodemailer-10.0.1.tgz",
      "integrity": "sha512-c+gU9cL9HLDax3vjxL88kW+6NOgdtEUWaZ+AUtxdJR6LLhf0kGdCLExof7yiKW7zdO9EfXCSIgmhGyFmUM0mYQ==",
      "license": "MIT-0",
      "engines": {
        "node": ">=20.0.0"
      }
    }
  }
}
